schema: '2.0'
stages:
  load:
    cmd: .venv\Scripts\python.exe pipeline/load.py
    deps:
    - path: pipeline/load.py
      hash: md5
      md5: 55af6cebeff7a73f203095e2163e5904
      size: 886
    - path: src/data_loader.py
      hash: md5
      md5: 6d1808989ce2dbc9216232fde633e790
      size: 3593
    params:
      params.yaml:
        data.dataset: pavellexyr/the-reddit-dataset-dataset
    outs:
    - path: data/raw/reddit_data.csv
      hash: md5
      md5: 9ab9b3ad08287c9eac37c00add1f469d
      size: 29998374
  preprocess:
    cmd: .venv\Scripts\python.exe pipeline/preprocess.py
    deps:
    - path: data/raw/reddit_data.csv
      hash: md5
      md5: 9ab9b3ad08287c9eac37c00add1f469d
      size: 29998374
    - path: pipeline/preprocess.py
      hash: md5
      md5: b02a684cba0632acb7fded0daa368584
      size: 1858
    - path: src/preprocessor.py
      hash: md5
      md5: 11b7a06a0e9f71364ca58609c098addb
      size: 4225
    params:
      params.yaml:
        data.target_column: score
        data.text_column: body
        preprocess.max_df: 0.8
        preprocess.max_features: 5000
        preprocess.min_df: 5
    outs:
    - path: data/processed/X.npz
      hash: md5
      md5: 4e5acd04c654a8e5f6a3cb3ae50d2cb1
      size: 5570511
    - path: data/processed/df_processed.csv
      hash: md5
      md5: 74ed150d45459aa94f029bf6b9dfa99c
      size: 29955756
    - path: data/processed/vectorizer.joblib
      hash: md5
      md5: 3b2f86baf80e48b13fcc7f46978f8e8b
      size: 875822
    - path: data/processed/y.npy
      hash: md5
      md5: 4125790d87a9fa9b2f27c22e7c1ebb19
      size: 216372
  train:
    cmd: .venv\Scripts\python.exe pipeline/train.py
    deps:
    - path: data/processed/X.npz
      hash: md5
      md5: 4e5acd04c654a8e5f6a3cb3ae50d2cb1
      size: 5570511
    - path: data/processed/y.npy
      hash: md5
      md5: 4125790d87a9fa9b2f27c22e7c1ebb19
      size: 216372
    - path: pipeline/train.py
      hash: md5
      md5: 11c70eeaee5c388c4cc70514ec4bec33
      size: 2385
    - path: src/model_trainer.py
      hash: md5
      md5: d91da697d87ae13cbb4d2381118ddd2d
      size: 3391
    params:
      params.yaml:
        train.random_state: 42
        train.test_size: 0.2
    outs:
    - path: metrics/scores.json
      hash: md5
      md5: a942f56981a649cba9f8096a2c8b28a3
      size: 287
    - path: models/logistic_regression.joblib
      hash: md5
      md5: 9539a7597584afd59df7ae8145e42c2c
      size: 40815
    - path: models/naive_bayes.joblib
      hash: md5
      md5: d2674cb66a88d778f4ab631a9d430ea2
      size: 160791
    - path: models/vectorizer.joblib
      hash: md5
      md5: 3b2f86baf80e48b13fcc7f46978f8e8b
      size: 875822
